
Microsoft Visual Studio Solution File, Format Version 12.00
# Visual Studio 14
VisualStudioVersion = 14.0.25420.1
MinimumVisualStudioVersion = 10.0.40219.1
Project("{FAE04EC0-301F-11D3-BF4B-00C04F79EFBC}") = "Concurso", "Concurso\Concurso.csproj", "{6E0D399F-DA24-4C0B-816E-2BA83C2E255D}"
EndProject
Project("{FAE04EC0-301F-11D3-BF4B-00C04F79EFBC}") = "External", "External\External.csproj", "{CDFBDAF6-F368-49DB-87FE-3B834A1C6F03}"
EndProject
Global
	GlobalSection(SolutionConfigurationPlatforms) = preSolution
		Debug|Any CPU = Debug|Any CPU
		Release|Any CPU = Release|Any CPU
	EndGlobalSection
	GlobalSection(ProjectConfigurationPlatforms) = postSolution
		{6E0D399F-DA24-4C0B-816E-2BA83C2E255D}.Debug|Any CPU.ActiveCfg = Debug|Any CPU
		{6E0D399F-DA24-4C0B-816E-2BA83C2E255D}.Debug|Any CPU.Build.0 = Debug|Any CPU
		{6E0D399F-DA24-4C0B-816E-2BA83C2E255D}.Release|Any CPU.ActiveCfg = Release|Any CPU
		{6E0D399F-DA24-4C0B-816E-2BA83C2E255D}.Release|Any CPU.Build.0 = Release|Any CPU
		{CDFBDAF6-F368-49DB-87FE-3B834A1C6F03}.Debug|Any CPU.ActiveCfg = Debug|Any CPU
		{CDFBDAF6-F368-49DB-87FE-3B834A1C6F03}.Debug|Any CPU.Build.0 = Debug|Any CPU
		{CDFBDAF6-F368-49DB-87FE-3B834A1C6F03}.Release|Any CPU.ActiveCfg = Release|Any CPU
		{CDFBDAF6-F368-49DB-87FE-3B834A1C6F03}.Release|Any CPU.Build.0 = Release|Any CPU
	EndGlobalSection
	GlobalSection(SolutionProperties) = preSolution
		HideSolutionNode = FALSE
	EndGlobalSection
EndGlobal
